
Microsoft Visual Studio Solution File, Format Version 12.00
# Visual Studio Version 16
VisualStudioVersion = 16.0.29424.173
MinimumVisualStudioVersion = 10.0.40219.1
Project("{FAE04EC0-301F-11D3-BF4B-00C04F79EFBC}") = "Lessons.Metanit.NetCoreAngular", "Lessons.Metanit.NetCoreAngular\Lessons.Metanit.NetCoreAngular.csproj", "{6CE7C7FC-62F7-479A-A598-EB417F3D0DEF}"
EndProject
Global
	GlobalSection(SolutionConfigurationPlatforms) = preSolution
		Debug|Any CPU = Debug|Any CPU
		Release|Any CPU = Release|Any CPU
	EndGlobalSection
	GlobalSection(ProjectConfigurationPlatforms) = postSolution
		{6CE7C7FC-62F7-479A-A598-EB417F3D0DEF}.Debug|Any CPU.ActiveCfg = Debug|Any CPU
		{6CE7C7FC-62F7-479A-A598-EB417F3D0DEF}.Debug|Any CPU.Build.0 = Debug|Any CPU
		{6CE7C7FC-62F7-479A-A598-EB417F3D0DEF}.Release|Any CPU.ActiveCfg = Release|Any CPU
		{6CE7C7FC-62F7-479A-A598-EB417F3D0DEF}.Release|Any CPU.Build.0 = Release|Any CPU
	EndGlobalSection
	GlobalSection(SolutionProperties) = preSolution
		HideSolutionNode = FALSE
	EndGlobalSection
	GlobalSection(ExtensibilityGlobals) = postSolution
		SolutionGuid = {4CF9D89A-9F20-4B9C-8D9B-4F65B67DCC8C}
	EndGlobalSection
EndGlobal
